// !$*UTF8*$!
{
	archiveVersion = 1;
	classes = {
	};
	objectVersion = 50;
	objects = {

/* Begin PBXBuildFile section */
		D161EF29265BE93800E20357 /* AppDelegate.swift in Sources */ = {isa = PBXBuildFile; fileRef = D161EF28265BE93800E20357 /* AppDelegate.swift */; };
		D161EF2B265BE93800E20357 /* SceneDelegate.swift in Sources */ = {isa = PBXBuildFile; fileRef = D161EF2A265BE93800E20357 /* SceneDelegate.swift */; };
		D161EF2D265BE93800E20357 /* ViewController.swift in Sources */ = {isa = PBXBuildFile; fileRef = D161EF2C265BE93800E20357 /* ViewController.swift */; };
		D161EF30265BE93800E20357 /* Main.storyboard in Resources */ = {isa = PBXBuildFile; fileRef = D161EF2E265BE93800E20357 /* Main.storyboard */; };
		D161EF33265BE93800E20357 /* GitMergeTest.xcdatamodeld in Sources */ = {isa = PBXBuildFile; fileRef = D161EF31265BE93800E20357 /* GitMergeTest.xcdatamodeld */; };
		D161EF35265BE93A00E20357 /* Assets.xcassets in Resources */ = {isa = PBXBuildFile; fileRef = D161EF34265BE93A00E20357 /* Assets.xcassets */; };
		D161EF38265BE93A00E20357 /* LaunchScreen.storyboard in Resources */ = {isa = PBXBuildFile; fileRef = D161EF36265BE93A00E20357 /* LaunchScreen.storyboard */; };
/* End PBXBuildFile section */

/* Begin PBXFileReference section */
		D161EF25265BE93800E20357 /* GitMergeTest.app */ = {isa = PBXFileReference; explicitFileType = wrapper.application; includeInIndex = 0; path = GitMergeTest.app; sourceTree = BUILT_PRODUCTS_DIR; };
		D161EF28265BE93800E20357 /* AppDelegate.swift */ = {isa = PBXFileReference; lastKnownFileType = sourcecode.swift; path = AppDelegate.swift; sourceTree = "<group>"; };
		D161EF2A265BE93800E20357 /* SceneDelegate.swift */ = {isa = PBXFileReference; lastKnownFileType = sourcecode.swift; path = SceneDelegate.swift; sourceTree = "<group>"; };
		D161EF2C265BE93800E20357 /* ViewController.swift */ = {isa = PBXFileReference; lastKnownFileType = sourcecode.swift; path = ViewController.swift; sourceTree = "<group>"; };
		D161EF2F265BE93800E20357 /* Base */ = {isa = PBXFileReference; lastKnownFileType = file.storyboard; name = Base; path = Base.lproj/Main.storyboard; sourceTree = "<group>"; };
		D161EF32265BE93800E20357 /* GitMergeTest.xcdatamodel */ = {isa = PBXFileReference; lastKnownFileType = wrapper.xcdatamodel; path = GitMergeTest.xcdatamodel; sourceTree = "<group>"; };
		D161EF34265BE93A00E20357 /* Assets.xcassets */ = {isa = PBXFileReference; lastKnownFileType = folder.assetcatalog; path = Assets.xcassets; sourceTree = "<group>"; };
		D161EF37265BE93A00E20357 /* Base */ = {isa = PBXFileReference; lastKnownFileType = file.storyboard; name = Base; path = Base.lproj/LaunchScreen.storyboard; sourceTree = "<group>"; };
		D161EF39265BE93A00E20357 /* Info.plist */ = {isa = PBXFileReference; lastKnownFileType = text.plist.xml; path = Info.plist; sourceTree = "<group>"; };
/* End PBXFileReference section */

/* Begin PBXFrameworksBuildPhase section */
		D161EF22265BE93800E20357 /* Frameworks */ = {
			isa = PBXFrameworksBuildPhase;
			buildActionMask = 2147483647;
			files = (
			);
			runOnlyForDeploymentPostprocessing = 0;
		};
/* End PBXFrameworksBuildPhase section */

/* Begin PBXGroup section */
		D161EF1C265BE93800E20357 = {
			isa = PBXGroup;
			children = (
				D161EF27265BE93800E20357 /* GitMergeTest */,
				D161EF26265BE93800E20357 /* Products */,
			);
			sourceTree = "<group>";
		};
		D161EF26265BE93800E20357 /* Products */ = {
			isa = PBXGroup;
			children = (
				D161EF25265BE93800E20357 /* GitMergeTest.app */,
			);
			name = Products;
			sourceTree = "<group>";
		};
		D161EF27265BE93800E20357 /* GitMergeTest */ = {
			isa = PBXGroup;
			children = (
				D161EF28265BE93800E20357 /* AppDelegate.swift */,
				D161EF2A265BE93800E20357 /* SceneDelegate.swift */,
				D161EF2C265BE93800E20357 /* ViewController.swift */,
				D161EF2E265BE93800E20357 /* Main.storyboard */,
				D161EF34265BE93A00E20357 /* Assets.xcassets */,
				D161EF36265BE93A00E20357 /* LaunchScreen.storyboard */,
				D161EF39265BE93A00E20357 /* Info.plist */,
				D161EF31265BE93800E20357 /* GitMergeTest.xcdatamodeld */,
			);
			path = GitMergeTest;
			sourceTree = "<group>";
		};
/* End PBXGroup section */

/* Begin PBXNativeTarget section */
		D161EF24265BE93800E20357 /* GitMergeTest */ = {
			isa = PBXNativeTarget;
			buildConfigurationList = D161EF3C265BE93A00E20357 /* Build configuration list for PBXNativeTarget "GitMergeTest" */;
			buildPhases = (
				D161EF21265BE93800E20357 /* Sources */,
				D161EF22265BE93800E20357 /* Frameworks */,
				D161EF23265BE93800E20357 /* Resources */,
			);
			buildRules = (
			);
			dependencies = (
			);
			name = GitMergeTest;
			productName = GitMergeTest;
			productReference = D161EF25265BE93800E20357 /* GitMergeTest.app */;
			productType = "com.apple.product-type.application";
		};
/* End PBXNativeTarget section */

/* Begin PBXProject section */
		D161EF1D265BE93800E20357 /* Project object */ = {
			isa = PBXProject;
			attributes = {
				LastSwiftUpdateCheck = 1240;
				LastUpgradeCheck = 1240;
				TargetAttributes = {
					D161EF24265BE93800E20357 = {
						CreatedOnToolsVersion = 12.4;
					};
				};
			};
			buildConfigurationList = D161EF20265BE93800E20357 /* Build configuration list for PBXProject "GitMergeTest" */;
			compatibilityVersion = "Xcode 9.3";
			developmentRegion = en;
			hasScannedForEncodings = 0;
			knownRegions = (
				en,
				Base,
			);
			mainGroup = D161EF1C265BE93800E20357;
			productRefGroup = D161EF26265BE93800E20357 /* Products */;
			projectDirPath = "";
			projectRoot = "";
			targets = (
				D161EF24265BE93800E20357 /* GitMergeTest */,
			);
		};
/* End PBXProject section */

/* Begin PBXResourcesBuildPhase section */
		D161EF23265BE93800E20357 /* Resources */ = {
			isa = PBXResourcesBuildPhase;
			buildActionMask = 2147483647;
			files = (
				D161EF38265BE93A00E20357 /* LaunchScreen.storyboard in Resources */,
				D161EF35265BE93A00E20357 /* Assets.xcassets in Resources */,
				D161EF30265BE93800E20357 /* Main.storyboard in Resources */,
			);
			runOnlyForDeploymentPostprocessing = 0;
		};
/* End PBXResourcesBuildPhase section */

/* Begin PBXSourcesBuildPhase section */
		D161EF21265BE93800E20357 /* Sources */ = {
			isa = PBXSourcesBuildPhase;
			buildActionMask = 2147483647;
			files = (
				D161EF2D265BE93800E20357 /* ViewController.swift in Sources */,
				D161EF33265BE93800E20357 /* GitMergeTest.xcdatamodeld in Sources */,
				D161EF29265BE93800E20357 /* AppDelegate.swift in Sources */,
				D161EF2B265BE93800E20357 /* SceneDelegate.swift in Sources */,
			);
			runOnlyForDeploymentPostprocessing = 0;
		};
/* End PBXSourcesBuildPhase section */

/* Begin PBXVariantGroup section */
		D161EF2E265BE93800E20357 /* Main.storyboard */ = {
			isa = PBXVariantGroup;
			children = (
				D161EF2F265BE93800E20357 /* Base */,
			);
			name = Main.storyboard;
			sourceTree = "<group>";
		};
		D161EF36265BE93A00E20357 /* LaunchScreen.storyboard */ = {
			isa = PBXVariantGroup;
			children = (
				D161EF37265BE93A00E20357 /* Base */,
			);
			name = LaunchScreen.storyboard;
			sourceTree = "<group>";
		};
/* End PBXVariantGroup section */

/* Begin XCBuildConfiguration section */
		D161EF3A265BE93A00E20357 /* Debug */ = {
			isa = XCBuildConfiguration;
			buildSettings = {
				ALWAYS_SEARCH_USER_PATHS = NO;
				CLANG_ANALYZER_NONNULL = YES;
				CLANG_ANALYZER_NUMBER_OBJECT_CONVERSION = YES_AGGRESSIVE;
				CLANG_CXX_LANGUAGE_STANDARD = "gnu++14";
				CLANG_CXX_LIBRARY = "libc++";
				CLANG_ENABLE_MODULES = YES;
				CLANG_ENABLE_OBJC_ARC = YES;
				CLANG_ENABLE_OBJC_WEAK = YES;
				CLANG_WARN_BLOCK_CAPTURE_AUTORELEASING = YES;
				CLANG_WARN_BOOL_CONVERSION = YES;
				CLANG_WARN_COMMA = YES;
				CLANG_WARN_CONSTANT_CONVERSION = YES;
				CLANG_WARN_DEPRECATED_OBJC_IMPLEMENTATIONS = YES;
				CLANG_WARN_DIRECT_OBJC_ISA_USAGE = YES_ERROR;
				CLANG_WARN_DOCUMENTATION_COMMENTS = YES;
				CLANG_WARN_EMPTY_BODY = YES;
				CLANG_WARN_ENUM_CONVERSION = YES;
				CLANG_WARN_INFINITE_RECURSION = YES;
				CLANG_WARN_INT_CONVERSION = YES;
				CLANG_WARN_NON_LITERAL_NULL_CONVERSION = YES;
				CLANG_WARN_OBJC_IMPLICIT_RETAIN_SELF = YES;
				CLANG_WARN_OBJC_LITERAL_CONVERSION = YES;
				CLANG_WARN_OBJC_ROOT_CLASS = YES_ERROR;
				CLANG_WARN_QUOTED_INCLUDE_IN_FRAMEWORK_HEADER = YES;
				CLANG_WARN_RANGE_LOOP_ANALYSIS = YES;
				CLANG_WARN_STRICT_PROTOTYPES = YES;
				CLANG_WARN_SUSPICIOUS_MOVE = YES;
				CLANG_WARN_UNGUARDED_AVAILABILITY = YES_AGGRESSIVE;
				CLANG_WARN_UNREACHABLE_CODE = YES;
				CLANG_WARN__DUPLICATE_METHOD_MATCH = YES;
				COPY_PHASE_STRIP = NO;
				DEBUG_INFORMATION_FORMAT = dwarf;
				ENABLE_STRICT_OBJC_MSGSEND = YES;
				ENABLE_TESTABILITY = YES;
				GCC_C_LANGUAGE_STANDARD = gnu11;
				GCC_DYNAMIC_NO_PIC = NO;
				GCC_NO_COMMON_BLOCKS = YES;
				GCC_OPTIMIZATION_LEVEL = 0;
				GCC_PREPROCESSOR_DEFINITIONS = (
					"DEBUG=1",
					"$(inherited)",
				);
				GCC_WARN_64_TO_32_BIT_CONVERSION = YES;
				GCC_WARN_ABOUT_RETURN_TYPE = YES_ERROR;
				GCC_WARN_UNDECLARED_SELECTOR = YES;
				GCC_WARN_UNINITIALIZED_AUTOS = YES_AGGRESSIVE;
				GCC_WARN_UNUSED_FUNCTION = YES;
				GCC_WARN_UNUSED_VARIABLE = YES;
				IPHONEOS_DEPLOYMENT_TARGET = 14.4;
				MTL_ENABLE_DEBUG_INFO = INCLUDE_SOURCE;
				MTL_FAST_MATH = YES;
				ONLY_ACTIVE_ARCH = YES;
				SDKROOT = iphoneos;
				SWIFT_ACTIVE_COMPILATION_CONDITIONS = DEBUG;
				SWIFT_OPTIMIZATION_LEVEL = "-Onone";
			};
			name = Debug;
		};
		D161EF3B265BE93A00E20357 /* Release */ = {
			isa = XCBuildConfiguration;
			buildSettings = {
				ALWAYS_SEARCH_USER_PATHS = NO;
				CLANG_ANALYZER_NONNULL = YES;
				CLANG_ANALYZER_NUMBER_OBJECT_CONVERSION = YES_AGGRESSIVE;
				CLANG_CXX_LANGUAGE_STANDARD = "gnu++14";
				CLANG_CXX_LIBRARY = "libc++";
				CLANG_ENABLE_MODULES = YES;
				CLANG_ENABLE_OBJC_ARC = YES;
				CLANG_ENABLE_OBJC_WEAK = YES;
				CLANG_WARN_BLOCK_CAPTURE_AUTORELEASING = YES;
				CLANG_WARN_BOOL_CONVERSION = YES;
				CLANG_WARN_COMMA = YES;
				CLANG_WARN_CONSTANT_CONVERSION = YES;
				CLANG_WARN_DEPRECATED_OBJC_IMPLEMENTATIONS = YES;
				CLANG_WARN_DIRECT_OBJC_ISA_USAGE = YES_ERROR;
				CLANG_WARN_DOCUMENTATION_COMMENTS = YES;
				CLANG_WARN_EMPTY_BODY = YES;
				CLANG_WARN_ENUM_CONVERSION = YES;
				CLANG_WARN_INFINITE_RECURSION = YES;
				CLANG_WARN_INT_CONVERSION = YES;
				CLANG_WARN_NON_LITERAL_NULL_CONVERSION = YES;
				CLANG_WARN_OBJC_IMPLICIT_RETAIN_SELF = YES;
				CLANG_WARN_OBJC_LITERAL_CONVERSION = YES;
				CLANG_WARN_OBJC_ROOT_CLASS = YES_ERROR;
				CLANG_WARN_QUOTED_INCLUDE_IN_FRAMEWORK_HEADER = YES;
				CLANG_WARN_RANGE_LOOP_ANALYSIS = YES;
				CLANG_WARN_STRICT_PROTOTYPES = YES;
				CLANG_WARN_SUSPICIOUS_MOVE = YES;
				CLANG_WARN_UNGUARDED_AVAILABILITY = YES_AGGRESSIVE;
				CLANG_WARN_UNREACHABLE_CODE = YES;
				CLANG_WARN__DUPLICATE_METHOD_MATCH = YES;
				COPY_PHASE_STRIP = NO;
				DEBUG_INFORMATION_FORMAT = "dwarf-with-dsym";
				ENABLE_NS_ASSERTIONS = NO;
				ENABLE_STRICT_OBJC_MSGSEND = YES;
				GCC_C_LANGUAGE_STANDARD = gnu11;
				GCC_NO_COMMON_BLOCKS = YES;
				GCC_WARN_64_TO_32_BIT_CONVERSION = YES;
				GCC_WARN_ABOUT_RETURN_TYPE = YES_ERROR;
				GCC_WARN_UNDECLARED_SELECTOR = YES;
				GCC_WARN_UNINITIALIZED_AUTOS = YES_AGGRESSIVE;
				GCC_WARN_UNUSED_FUNCTION = YES;
				GCC_WARN_UNUSED_VARIABLE = YES;
				IPHONEOS_DEPLOYMENT_TARGET = 14.4;
				MTL_ENABLE_DEBUG_INFO = NO;
				MTL_FAST_MATH = YES;
				SDKROOT = iphoneos;
				SWIFT_COMPILATION_MODE = wholemodule;
				SWIFT_OPTIMIZATION_LEVEL = "-O";
				VALIDATE_PRODUCT = YES;
			};
			name = Release;
		};
		D161EF3D265BE93A00E20357 /* Debug */ = {
			isa = XCBuildConfiguration;
			buildSettings = {
				ASSETCATALOG_COMPILER_APPICON_NAME = AppIcon;
				ASSETCATALOG_COMPILER_GLOBAL_ACCENT_COLOR_NAME = AccentColor;
				CODE_SIGN_STYLE = Automatic;
				DEVELOPMENT_TEAM = GJC45ZQ49L;
				INFOPLIST_FILE = GitMergeTest/Info.plist;
				LD_RUNPATH_SEARCH_PATHS = (
					"$(inherited)",
					"@executable_path/Frameworks",
				);
				PRODUCT_BUNDLE_IDENTIFIER = "-.GitMergeTest";
				PRODUCT_NAME = "$(TARGET_NAME)";
				SWIFT_VERSION = 5.0;
				TARGETED_DEVICE_FAMILY = "1,2";
			};
			name = Debug;
		};
		D161EF3E265BE93A00E20357 /* Release */ = {
			isa = XCBuildConfiguration;
			buildSettings = {
				ASSETCATALOG_COMPILER_APPICON_NAME = AppIcon;
				ASSETCATALOG_COMPILER_GLOBAL_ACCENT_COLOR_NAME = AccentColor;
				CODE_SIGN_STYLE = Automatic;
				DEVELOPMENT_TEAM = GJC45ZQ49L;
				INFOPLIST_FILE = GitMergeTest/Info.plist;
				LD_RUNPATH_SEARCH_PATHS = (
					"$(inherited)",
					"@executable_path/Frameworks",
				);
				PRODUCT_BUNDLE_IDENTIFIER = "-.GitMergeTest";
				PRODUCT_NAME = "$(TARGET_NAME)";
				SWIFT_VERSION = 5.0;
				TARGETED_DEVICE_FAMILY = "1,2";
			};
			name = Release;
		};
/* End XCBuildConfiguration section */

/* Begin XCConfigurationList section */
		D161EF20265BE93800E20357 /* Build configuration list for PBXProject "GitMergeTest" */ = {
			isa = XCConfigurationList;
			buildConfigurations = (
				D161EF3A265BE93A00E20357 /* Debug */,
				D161EF3B265BE93A00E20357 /* Release */,
			);
			defaultConfigurationIsVisible = 0;
			defaultConfigurationName = Release;
		};
		D161EF3C265BE93A00E20357 /* Build configuration list for PBXNativeTarget "GitMergeTest" */ = {
			isa = XCConfigurationList;
			buildConfigurations = (
				D161EF3D265BE93A00E20357 /* Debug */,
				D161EF3E265BE93A00E20357 /* Release */,
			);
			defaultConfigurationIsVisible = 0;
			defaultConfigurationName = Release;
		};
/* End XCConfigurationList section */

/* Begin XCVersionGroup section */
		D161EF31265BE93800E20357 /* GitMergeTest.xcdatamodeld */ = {
			isa = XCVersionGroup;
			children = (
				D161EF32265BE93800E20357 /* GitMergeTest.xcdatamodel */,
			);
			currentVersion = D161EF32265BE93800E20357 /* GitMergeTest.xcdatamodel */;
			path = GitMergeTest.xcdatamodeld;
			sourceTree = "<group>";
			versionGroupType = wrapper.xcdatamodel;
		};
/* End XCVersionGroup section */
	};
	rootObject = D161EF1D265BE93800E20357 /* Project object */;
}
